<?xml version="1.0" encoding="utf-8"?>
<Project ToolsVersion="4.0" xmlns="http://schemas.microsoft.com/developer/msbuild/2003">
  <ItemGroup>
    <Filter Include="소스 파일">
      <UniqueIdentifier>{4FC737F1-C7A5-4376-A066-2A32D752A2FF}</UniqueIdentifier>
      <Extensions>cpp;c;cc;cxx;c++;cppm;ixx;def;odl;idl;hpj;bat;asm;asmx</Extensions>
    </Filter>
    <Filter Include="헤더 파일">
      <UniqueIdentifier>{93995380-89BD-4b04-88EB-625FBE52EBFB}</UniqueIdentifier>
      <Extensions>h;hh;hpp;hxx;h++;hm;inl;inc;ipp;xsd</Extensions>
    </Filter>
    <Filter Include="Class Data">
      <UniqueIdentifier>{3dcef153-9a4d-482f-bac8-40b9d63843a0}</UniqueIdentifier>
    </Filter>
    <Filter Include="리소스 파일">
      <UniqueIdentifier>{67DA6AB6-F800-4c08-8B7A-83BB121AAD01}</UniqueIdentifier>
      <Extensions>rc;ico;cur;bmp;dlg;rc2;rct;bin;rgs;gif;jpg;jpeg;jpe;resx;tiff;tif;png;wav;mfcribbon-ms</Extensions>
    </Filter>
  </ItemGroup>
  <ItemGroup>
    <ClCompile Include="소스1.cpp">
      <Filter>소스 파일</Filter>
    </ClCompile>
  </ItemGroup>
  <ItemGroup>
    <ClInclude Include="220809.h">
      <Filter>Class Data</Filter>
    </ClInclude>
    <ClInclude Include="220810.h">
      <Filter>Class Data</Filter>
    </ClInclude>
    <ClInclude Include="220811.h">
      <Filter>Class Data</Filter>
    </ClInclude>
    <ClInclude Include="RSP%2820220812%29.h">
      <Filter>헤더 파일</Filter>
    </ClInclude>
    <ClInclude Include="220812.h">
      <Filter>Class Data</Filter>
    </ClInclude>
    <ClInclude Include="quadrant%2820220816%29.h">
      <Filter>헤더 파일</Filter>
    </ClInclude>
    <ClInclude Include="220816.h">
      <Filter>Class Data</Filter>
    </ClInclude>
    <ClInclude Include="220817.h">
      <Filter>Class Data</Filter>
    </ClInclude>
    <ClInclude Include="220818.h">
      <Filter>Class Data</Filter>
    </ClInclude>
    <ClInclude Include="220821.h">
      <Filter>Class Data</Filter>
    </ClInclude>
    <ClInclude Include="220822.h">
      <Filter>Class Data</Filter>
    </ClInclude>
    <ClInclude Include="220823.h">
      <Filter>Class Data</Filter>
    </ClInclude>
    <ClInclude Include="220824.h">
      <Filter>Class Data</Filter>
    </ClInclude>
    <ClInclude Include="220825.h">
      <Filter>Class Data</Filter>
    </ClInclude>
    <ClInclude Include="220826.h">
      <Filter>Class Data</Filter>
    </ClInclude>
    <ClInclude Include="220829.h">
      <Filter>Class Data</Filter>
    </ClInclude>
    <ClInclude Include="UPDOWN%2820220829%29.h">
      <Filter>헤더 파일</Filter>
    </ClInclude>
    <ClInclude Include="220830.h">
      <Filter>Class Data</Filter>
    </ClInclude>
    <ClInclude Include="220831.h">
      <Filter>Class Data</Filter>
    </ClInclude>
    <ClInclude Include="220901.h">
      <Filter>Class Data</Filter>
    </ClInclude>
    <ClInclude Include="Calculator.h">
      <Filter>헤더 파일</Filter>
    </ClInclude>
    <ClInclude Include="220902.h">
      <Filter>Class Data</Filter>
    </ClInclude>
    <ClInclude Include="220905.h">
      <Filter>Class Data</Filter>
    </ClInclude>
    <ClInclude Include="220913.h">
      <Filter>Class Data</Filter>
    </ClInclude>
    <ClInclude Include="220914.h">
      <Filter>Class Data</Filter>
    </ClInclude>
    <ClInclude Include="220915.h">
      <Filter>Class Data</Filter>
    </ClInclude>
    <ClInclude Include="220919.h">
      <Filter>Class Data</Filter>
    </ClInclude>
    <ClInclude Include="220921.h">
      <Filter>Class Data</Filter>
    </ClInclude>
    <ClInclude Include="220923.h">
      <Filter>Class Data</Filter>
    </ClInclude>
  </ItemGroup>
</Project>